
Microsoft Visual Studio Solution File, Format Version 12.00
# Visual Studio Version 17
VisualStudioVersion = 17.4.33110.190
MinimumVisualStudioVersion = 10.0.40219.1
Project("{FAE04EC0-301F-11D3-BF4B-00C04F79EFBC}") = "API_P", "API_P\API_P.csproj", "{136A9B96-088B-4237-9F42-275DC39F7341}"
EndProject
Global
	GlobalSection(SolutionConfigurationPlatforms) = preSolution
		Debug|Any CPU = Debug|Any CPU
		Release|Any CPU = Release|Any CPU
	EndGlobalSection
	GlobalSection(ProjectConfigurationPlatforms) = postSolution
		{136A9B96-088B-4237-9F42-275DC39F7341}.Debug|Any CPU.ActiveCfg = Debug|Any CPU
		{136A9B96-088B-4237-9F42-275DC39F7341}.Debug|Any CPU.Build.0 = Debug|Any CPU
		{136A9B96-088B-4237-9F42-275DC39F7341}.Release|Any CPU.ActiveCfg = Release|Any CPU
		{136A9B96-088B-4237-9F42-275DC39F7341}.Release|Any CPU.Build.0 = Release|Any CPU
	EndGlobalSection
	GlobalSection(SolutionProperties) = preSolution
		HideSolutionNode = FALSE
	EndGlobalSection
	GlobalSection(ExtensibilityGlobals) = postSolution
		SolutionGuid = {CBCF6919-2C5D-4F55-ACAA-435C0B930758}
	EndGlobalSection
EndGlobal
